<?xml version="1.0" encoding="UTF-8" standalone="yes" ?>
<CodeBlocks_project_file>
	<FileVersion major="1" minor="6" />
	<Project>
		<Option title="lcd" />
		<Option pch_mode="2" />
		<Option compiler="arm-elf-gcc" />
		<Build>
			<Target title="Debug">
				<Option output="bin/Debug/lcd" prefix_auto="1" extension_auto="1" />
				<Option object_output="obj/Debug/" />
				<Option type="1" />
				<Option compiler="arm-elf-gcc" />
				<Compiler>
					<Add option="-g" />
				</Compiler>
			</Target>
			<Target title="Release">
				<Option output="bin/Release/lcd" prefix_auto="1" extension_auto="1" />
				<Option object_output="obj/Release/" />
				<Option type="1" />
				<Option compiler="arm-elf-gcc" />
				<Compiler>
					<Add option="-O2" />
				</Compiler>
				<Linker>
					<Add option="-s" />
				</Linker>
			</Target>
		</Build>
		<Compiler>
			<Add option="-Wall" />
		</Compiler>
		<Unit filename="../../projet_vs_22/Lcd/Lcd/CLCD.cpp" />
		<Unit filename="../../projet_vs_22/Lcd/Lcd/CLCD.h" />
		<Unit filename="../../projet_vs_22/Lcd/Lcd/Lcd.cbp" />
		<Unit filename="../../projet_vs_22/Lcd/Lcd/Lcd.depend" />
		<Unit filename="../../projet_vs_22/Lcd/Lcd/Lcd.layout" />
		<Unit filename="../../projet_vs_22/Lcd/Lcd/Lcd.rc">
			<Option compilerVar="WINDRES" />
		</Unit>
		<Unit filename="../../projet_vs_22/Lcd/Lcd/Lcd.vcxproj" />
		<Unit filename="../../projet_vs_22/Lcd/Lcd/Lcd.vcxproj.user" />
		<Unit filename="../../projet_vs_22/Lcd/Lcd/Main.cpp" />
		<Unit filename="../../projet_vs_22/Lcd/Lcd/RCa11872" />
		<Unit filename="../../projet_vs_22/Lcd/Lcd/RCb11872" />
		<Unit filename="../../projet_vs_22/Lcd/Lcd/RCc11872" />
		<Unit filename="../../projet_vs_22/Lcd/Lcd/lcd-adafruit.c">
			<Option compilerVar="CC" />
		</Unit>
		<Unit filename="../../projet_vs_22/Lcd/Lcd/lcd-adafruit.h" />
		<Unit filename="../../projet_vs_22/Lcd/Lcd/rc.command.1.tlog" />
		<Unit filename="../../projet_vs_22/Lcd/Lcd/resource.h" />
		<Extensions>
			<lib_finder disable_auto="1" />
		</Extensions>
	</Project>
</CodeBlocks_project_file>
