
Microsoft Visual Studio Solution File, Format Version 12.00
# Visual Studio Version 17
VisualStudioVersion = 17.7.34221.43
MinimumVisualStudioVersion = 10.0.40219.1
Project("{8BC9CEB8-8B4A-11D0-8D11-00A0C91BC942}") = "emeteure", "emeteure\emeteure.vcxproj", "{58DA05BC-D92B-4102-8E61-60A6E83B6E16}"
EndProject
Global
	GlobalSection(SolutionConfigurationPlatforms) = preSolution
		Debug|ARM = Debug|ARM
		Debug|ARM64 = Debug|ARM64
		Release|ARM = Release|ARM
		Release|ARM64 = Release|ARM64
	EndGlobalSection
	GlobalSection(ProjectConfigurationPlatforms) = postSolution
		{58DA05BC-D92B-4102-8E61-60A6E83B6E16}.Debug|ARM.ActiveCfg = Debug|ARM
		{58DA05BC-D92B-4102-8E61-60A6E83B6E16}.Debug|ARM.Build.0 = Debug|ARM
		{58DA05BC-D92B-4102-8E61-60A6E83B6E16}.Debug|ARM.Deploy.0 = Debug|ARM
		{58DA05BC-D92B-4102-8E61-60A6E83B6E16}.Debug|ARM64.ActiveCfg = Debug|ARM64
		{58DA05BC-D92B-4102-8E61-60A6E83B6E16}.Debug|ARM64.Build.0 = Debug|ARM64
		{58DA05BC-D92B-4102-8E61-60A6E83B6E16}.Debug|ARM64.Deploy.0 = Debug|ARM64
		{58DA05BC-D92B-4102-8E61-60A6E83B6E16}.Release|ARM.ActiveCfg = Release|ARM
		{58DA05BC-D92B-4102-8E61-60A6E83B6E16}.Release|ARM.Build.0 = Release|ARM
		{58DA05BC-D92B-4102-8E61-60A6E83B6E16}.Release|ARM.Deploy.0 = Release|ARM
		{58DA05BC-D92B-4102-8E61-60A6E83B6E16}.Release|ARM64.ActiveCfg = Release|ARM64
		{58DA05BC-D92B-4102-8E61-60A6E83B6E16}.Release|ARM64.Build.0 = Release|ARM64
		{58DA05BC-D92B-4102-8E61-60A6E83B6E16}.Release|ARM64.Deploy.0 = Release|ARM64
	EndGlobalSection
	GlobalSection(SolutionProperties) = preSolution
		HideSolutionNode = FALSE
	EndGlobalSection
	GlobalSection(ExtensibilityGlobals) = postSolution
		SolutionGuid = {CD41D2F1-2F43-46A4-9A5C-1A2CF41640A4}
	EndGlobalSection
EndGlobal
